// !$*UTF8*$!
{
	archiveVersion = 1;
	classes = {
	};
	objectVersion = 46;
	objects = {

/* Begin PBXBuildFile section */
		8408E2671BF7B8020034D776 /* BaseInstagramEntity.m in Sources */ = {isa = PBXBuildFile; fileRef = 8408E2591BF7B8020034D776 /* BaseInstagramEntity.m */; settings = {ASSET_TAGS = (); }; };
		8408E2681BF7B8020034D776 /* InstagramUser+CoreDataProperties.m in Sources */ = {isa = PBXBuildFile; fileRef = 8408E25B1BF7B8020034D776 /* InstagramUser+CoreDataProperties.m */; settings = {ASSET_TAGS = (); }; };
		8408E2691BF7B8020034D776 /* InstagramUser.m in Sources */ = {isa = PBXBuildFile; fileRef = 8408E25D1BF7B8020034D776 /* InstagramUser.m */; settings = {ASSET_TAGS = (); }; };
		8408E26A1BF7B8020034D776 /* InstagramComment+CoreDataProperties.m in Sources */ = {isa = PBXBuildFile; fileRef = 8408E25F1BF7B8020034D776 /* InstagramComment+CoreDataProperties.m */; settings = {ASSET_TAGS = (); }; };
		8408E26B1BF7B8020034D776 /* InstagramComment.m in Sources */ = {isa = PBXBuildFile; fileRef = 8408E2611BF7B8020034D776 /* InstagramComment.m */; settings = {ASSET_TAGS = (); }; };
		8408E26C1BF7B8020034D776 /* InstagramMedia+CoreDataProperties.m in Sources */ = {isa = PBXBuildFile; fileRef = 8408E2631BF7B8020034D776 /* InstagramMedia+CoreDataProperties.m */; settings = {ASSET_TAGS = (); }; };
		8408E26D1BF7B8020034D776 /* InstagramMedia.m in Sources */ = {isa = PBXBuildFile; fileRef = 8408E2651BF7B8020034D776 /* InstagramMedia.m */; settings = {ASSET_TAGS = (); }; };
		840A7DB01BF73D8A0068F8A4 /* main.m in Sources */ = {isa = PBXBuildFile; fileRef = 840A7DAF1BF73D8A0068F8A4 /* main.m */; };
		840A7DB31BF73D8A0068F8A4 /* AppDelegate.m in Sources */ = {isa = PBXBuildFile; fileRef = 840A7DB21BF73D8A0068F8A4 /* AppDelegate.m */; };
		840A7DB91BF73D8A0068F8A4 /* Main.storyboard in Resources */ = {isa = PBXBuildFile; fileRef = 840A7DB71BF73D8A0068F8A4 /* Main.storyboard */; };
		840A7DBC1BF73D8A0068F8A4 /* simplegram.xcdatamodeld in Sources */ = {isa = PBXBuildFile; fileRef = 840A7DBA1BF73D8A0068F8A4 /* simplegram.xcdatamodeld */; };
		840A7DBE1BF73D8A0068F8A4 /* Assets.xcassets in Resources */ = {isa = PBXBuildFile; fileRef = 840A7DBD1BF73D8A0068F8A4 /* Assets.xcassets */; };
		840A7DC11BF73D8A0068F8A4 /* LaunchScreen.storyboard in Resources */ = {isa = PBXBuildFile; fileRef = 840A7DBF1BF73D8A0068F8A4 /* LaunchScreen.storyboard */; };
		840A7DCC1BF73D8A0068F8A4 /* simplegramTests.m in Sources */ = {isa = PBXBuildFile; fileRef = 840A7DCB1BF73D8A0068F8A4 /* simplegramTests.m */; };
		840A7DE61BF7460D0068F8A4 /* InstagramAPI.m in Sources */ = {isa = PBXBuildFile; fileRef = 840A7DE51BF7460D0068F8A4 /* InstagramAPI.m */; settings = {ASSET_TAGS = (); }; };
		840A7DE91BF749840068F8A4 /* InstagramAPIConstants.m in Sources */ = {isa = PBXBuildFile; fileRef = 840A7DE81BF749840068F8A4 /* InstagramAPIConstants.m */; settings = {ASSET_TAGS = (); }; };
		8413D9E11BF75C3000562BCF /* SGLoginViewController.m in Sources */ = {isa = PBXBuildFile; fileRef = 8413D9E01BF75C3000562BCF /* SGLoginViewController.m */; settings = {ASSET_TAGS = (); }; };
		8453A15C1BF9C8260055CA2F /* SGFeedPostSectionHeaderView.m in Sources */ = {isa = PBXBuildFile; fileRef = 8453A15B1BF9C8260055CA2F /* SGFeedPostSectionHeaderView.m */; settings = {ASSET_TAGS = (); }; };
		8453A1621BF9EE980055CA2F /* SGPhotoTableViewCell.m in Sources */ = {isa = PBXBuildFile; fileRef = 8453A1611BF9EE980055CA2F /* SGPhotoTableViewCell.m */; settings = {ASSET_TAGS = (); }; };
		8453A1681BFBB7120055CA2F /* SGUserThumbnailImageView.m in Sources */ = {isa = PBXBuildFile; fileRef = 8453A1671BFBB7120055CA2F /* SGUserThumbnailImageView.m */; settings = {ASSET_TAGS = (); }; };
		8453A16E1BFBC5E50055CA2F /* comment.png in Resources */ = {isa = PBXBuildFile; fileRef = 8453A16D1BFBC5E50055CA2F /* comment.png */; settings = {ASSET_TAGS = (); }; };
		8453A1741BFCA05E0055CA2F /* SGImporter.m in Sources */ = {isa = PBXBuildFile; fileRef = 8453A1731BFCA05E0055CA2F /* SGImporter.m */; settings = {ASSET_TAGS = (); }; };
		846E58251BFE733F00FC5448 /* SGCommentCell.m in Sources */ = {isa = PBXBuildFile; fileRef = 846E58241BFE733F00FC5448 /* SGCommentCell.m */; settings = {ASSET_TAGS = (); }; };
		846E58281BFE740A00FC5448 /* SGCommentsViewController.m in Sources */ = {isa = PBXBuildFile; fileRef = 846E58271BFE740A00FC5448 /* SGCommentsViewController.m */; settings = {ASSET_TAGS = (); }; };
		846E582B1BFE77BE00FC5448 /* SGBaseViewController.m in Sources */ = {isa = PBXBuildFile; fileRef = 846E582A1BFE77BE00FC5448 /* SGBaseViewController.m */; settings = {ASSET_TAGS = (); }; };
		846E582F1BFE880400FC5448 /* SGBaseTableViewController.m in Sources */ = {isa = PBXBuildFile; fileRef = 846E582E1BFE880400FC5448 /* SGBaseTableViewController.m */; settings = {ASSET_TAGS = (); }; };
		846E58321BFE882D00FC5448 /* SGBaseControllerManager.m in Sources */ = {isa = PBXBuildFile; fileRef = 846E58311BFE882D00FC5448 /* SGBaseControllerManager.m */; settings = {ASSET_TAGS = (); }; };
		84A57F0E1C03909D006140FC /* SGExporter.m in Sources */ = {isa = PBXBuildFile; fileRef = 84A57F0D1C03909D006140FC /* SGExporter.m */; settings = {ASSET_TAGS = (); }; };
		84F0908D1BF8667400FEC817 /* BaseInstagramEntity+CoreDataProperties.m in Sources */ = {isa = PBXBuildFile; fileRef = 84F0908C1BF8667400FEC817 /* BaseInstagramEntity+CoreDataProperties.m */; settings = {ASSET_TAGS = (); }; };
		84F090911BF9B51C00FEC817 /* SGFeedTableViewController.m in Sources */ = {isa = PBXBuildFile; fileRef = 84F090901BF9B51C00FEC817 /* SGFeedTableViewController.m */; settings = {ASSET_TAGS = (); }; };
/* End PBXBuildFile section */

/* Begin PBXContainerItemProxy section */
		840A7DC81BF73D8A0068F8A4 /* PBXContainerItemProxy */ = {
			isa = PBXContainerItemProxy;
			containerPortal = 840A7DA31BF73D8A0068F8A4 /* Project object */;
			proxyType = 1;
			remoteGlobalIDString = 840A7DAA1BF73D8A0068F8A4;
			remoteInfo = simplegram;
		};
/* End PBXContainerItemProxy section */

/* Begin PBXFileReference section */
		8408E2581BF7B8020034D776 /* BaseInstagramEntity.h */ = {isa = PBXFileReference; fileEncoding = 4; lastKnownFileType = sourcecode.c.h; name = BaseInstagramEntity.h; path = Model/BaseInstagramEntity.h; sourceTree = "<group>"; };
		8408E2591BF7B8020034D776 /* BaseInstagramEntity.m */ = {isa = PBXFileReference; fileEncoding = 4; lastKnownFileType = sourcecode.c.objc; name = BaseInstagramEntity.m; path = Model/BaseInstagramEntity.m; sourceTree = "<group>"; };
		8408E25A1BF7B8020034D776 /* InstagramUser+CoreDataProperties.h */ = {isa = PBXFileReference; fileEncoding = 4; lastKnownFileType = sourcecode.c.h; name = "InstagramUser+CoreDataProperties.h"; path = "Model/InstagramUser+CoreDataProperties.h"; sourceTree = "<group>"; };
		8408E25B1BF7B8020034D776 /* InstagramUser+CoreDataProperties.m */ = {isa = PBXFileReference; fileEncoding = 4; lastKnownFileType = sourcecode.c.objc; name = "InstagramUser+CoreDataProperties.m"; path = "Model/InstagramUser+CoreDataProperties.m"; sourceTree = "<group>"; };
		8408E25C1BF7B8020034D776 /* InstagramUser.h */ = {isa = PBXFileReference; fileEncoding = 4; lastKnownFileType = sourcecode.c.h; name = InstagramUser.h; path = Model/InstagramUser.h; sourceTree = "<group>"; };
		8408E25D1BF7B8020034D776 /* InstagramUser.m */ = {isa = PBXFileReference; fileEncoding = 4; lastKnownFileType = sourcecode.c.objc; name = InstagramUser.m; path = Model/InstagramUser.m; sourceTree = "<group>"; };
		8408E25E1BF7B8020034D776 /* InstagramComment+CoreDataProperties.h */ = {isa = PBXFileReference; fileEncoding = 4; lastKnownFileType = sourcecode.c.h; name = "InstagramComment+CoreDataProperties.h"; path = "Model/InstagramComment+CoreDataProperties.h"; sourceTree = "<group>"; };
		8408E25F1BF7B8020034D776 /* InstagramComment+CoreDataProperties.m */ = {isa = PBXFileReference; fileEncoding = 4; lastKnownFileType = sourcecode.c.objc; name = "InstagramComment+CoreDataProperties.m"; path = "Model/InstagramComment+CoreDataProperties.m"; sourceTree = "<group>"; };
		8408E2601BF7B8020034D776 /* InstagramComment.h */ = {isa = PBXFileReference; fileEncoding = 4; lastKnownFileType = sourcecode.c.h; name = InstagramComment.h; path = Model/InstagramComment.h; sourceTree = "<group>"; };
		8408E2611BF7B8020034D776 /* InstagramComment.m */ = {isa = PBXFileReference; fileEncoding = 4; lastKnownFileType = sourcecode.c.objc; name = InstagramComment.m; path = Model/InstagramComment.m; sourceTree = "<group>"; };
		8408E2621BF7B8020034D776 /* InstagramMedia+CoreDataProperties.h */ = {isa = PBXFileReference; fileEncoding = 4; lastKnownFileType = sourcecode.c.h; name = "InstagramMedia+CoreDataProperties.h"; path = "Model/InstagramMedia+CoreDataProperties.h"; sourceTree = "<group>"; };
		8408E2631BF7B8020034D776 /* InstagramMedia+CoreDataProperties.m */ = {isa = PBXFileReference; fileEncoding = 4; lastKnownFileType = sourcecode.c.objc; name = "InstagramMedia+CoreDataProperties.m"; path = "Model/InstagramMedia+CoreDataProperties.m"; sourceTree = "<group>"; };
		8408E2641BF7B8020034D776 /* InstagramMedia.h */ = {isa = PBXFileReference; fileEncoding = 4; lastKnownFileType = sourcecode.c.h; name = InstagramMedia.h; path = Model/InstagramMedia.h; sourceTree = "<group>"; };
		8408E2651BF7B8020034D776 /* InstagramMedia.m */ = {isa = PBXFileReference; fileEncoding = 4; lastKnownFileType = sourcecode.c.objc; name = InstagramMedia.m; path = Model/InstagramMedia.m; sourceTree = "<group>"; };
		8408E2721BF85D050034D776 /* InstagramAPI+PrivateMethods.h */ = {isa = PBXFileReference; fileEncoding = 4; lastKnownFileType = sourcecode.c.h; path = "InstagramAPI+PrivateMethods.h"; sourceTree = "<group>"; };
		8408E2751BF85E0F0034D776 /* InstagramAPIHeader.h */ = {isa = PBXFileReference; lastKnownFileType = sourcecode.c.h; name = InstagramAPIHeader.h; path = API/InstagramAPI/InstagramAPIHeader.h; sourceTree = "<group>"; };
		840A7DAB1BF73D8A0068F8A4 /* simplegram.app */ = {isa = PBXFileReference; explicitFileType = wrapper.application; includeInIndex = 0; path = simplegram.app; sourceTree = BUILT_PRODUCTS_DIR; };
		840A7DAF1BF73D8A0068F8A4 /* main.m */ = {isa = PBXFileReference; lastKnownFileType = sourcecode.c.objc; path = main.m; sourceTree = "<group>"; };
		840A7DB11BF73D8A0068F8A4 /* AppDelegate.h */ = {isa = PBXFileReference; lastKnownFileType = sourcecode.c.h; path = AppDelegate.h; sourceTree = "<group>"; };
		840A7DB21BF73D8A0068F8A4 /* AppDelegate.m */ = {isa = PBXFileReference; lastKnownFileType = sourcecode.c.objc; path = AppDelegate.m; sourceTree = "<group>"; };
		840A7DB81BF73D8A0068F8A4 /* Base */ = {isa = PBXFileReference; lastKnownFileType = file.storyboard; name = Base; path = Base.lproj/Main.storyboard; sourceTree = "<group>"; };
		840A7DBB1BF73D8A0068F8A4 /* simplegram.xcdatamodel */ = {isa = PBXFileReference; lastKnownFileType = wrapper.xcdatamodel; path = simplegram.xcdatamodel; sourceTree = "<group>"; };
		840A7DBD1BF73D8A0068F8A4 /* Assets.xcassets */ = {isa = PBXFileReference; lastKnownFileType = folder.assetcatalog; path = Assets.xcassets; sourceTree = "<group>"; };
		840A7DC01BF73D8A0068F8A4 /* Base */ = {isa = PBXFileReference; lastKnownFileType = file.storyboard; name = Base; path = Base.lproj/LaunchScreen.storyboard; sourceTree = "<group>"; };
		840A7DC21BF73D8A0068F8A4 /* Info.plist */ = {isa = PBXFileReference; lastKnownFileType = text.plist.xml; path = Info.plist; sourceTree = "<group>"; };
		840A7DC71BF73D8A0068F8A4 /* simplegramTests.xctest */ = {isa = PBXFileReference; explicitFileType = wrapper.cfbundle; includeInIndex = 0; path = simplegramTests.xctest; sourceTree = BUILT_PRODUCTS_DIR; };
		840A7DCB1BF73D8A0068F8A4 /* simplegramTests.m */ = {isa = PBXFileReference; lastKnownFileType = sourcecode.c.objc; path = simplegramTests.m; sourceTree = "<group>"; };
		840A7DCD1BF73D8A0068F8A4 /* Info.plist */ = {isa = PBXFileReference; lastKnownFileType = text.plist.xml; path = Info.plist; sourceTree = "<group>"; };
		840A7DE41BF7460D0068F8A4 /* InstagramAPI.h */ = {isa = PBXFileReference; fileEncoding = 4; lastKnownFileType = sourcecode.c.h; name = InstagramAPI.h; path = API/InstagramAPI/InstagramAPI.h; sourceTree = "<group>"; };
		840A7DE51BF7460D0068F8A4 /* InstagramAPI.m */ = {isa = PBXFileReference; fileEncoding = 4; lastKnownFileType = sourcecode.c.objc; name = InstagramAPI.m; path = API/InstagramAPI/InstagramAPI.m; sourceTree = "<group>"; };
		840A7DE71BF749840068F8A4 /* InstagramAPIConstants.h */ = {isa = PBXFileReference; fileEncoding = 4; lastKnownFileType = sourcecode.c.h; name = InstagramAPIConstants.h; path = API/InstagramAPI/InstagramAPIConstants.h; sourceTree = "<group>"; };
		840A7DE81BF749840068F8A4 /* InstagramAPIConstants.m */ = {isa = PBXFileReference; fileEncoding = 4; lastKnownFileType = sourcecode.c.objc; name = InstagramAPIConstants.m; path = API/InstagramAPI/InstagramAPIConstants.m; sourceTree = "<group>"; };
		8413D9DF1BF75C3000562BCF /* SGLoginViewController.h */ = {isa = PBXFileReference; fileEncoding = 4; lastKnownFileType = sourcecode.c.h; name = SGLoginViewController.h; path = Controller/SGLoginViewController.h; sourceTree = "<group>"; };
		8413D9E01BF75C3000562BCF /* SGLoginViewController.m */ = {isa = PBXFileReference; fileEncoding = 4; lastKnownFileType = sourcecode.c.objc; name = SGLoginViewController.m; path = Controller/SGLoginViewController.m; sourceTree = "<group>"; };
		8453A15A1BF9C8260055CA2F /* SGFeedPostSectionHeaderView.h */ = {isa = PBXFileReference; fileEncoding = 4; lastKnownFileType = sourcecode.c.h; name = SGFeedPostSectionHeaderView.h; path = View/SGFeedPostSectionHeaderView.h; sourceTree = "<group>"; };
		8453A15B1BF9C8260055CA2F /* SGFeedPostSectionHeaderView.m */ = {isa = PBXFileReference; fileEncoding = 4; lastKnownFileType = sourcecode.c.objc; name = SGFeedPostSectionHeaderView.m; path = View/SGFeedPostSectionHeaderView.m; sourceTree = "<group>"; };
		8453A1601BF9EE980055CA2F /* SGPhotoTableViewCell.h */ = {isa = PBXFileReference; fileEncoding = 4; lastKnownFileType = sourcecode.c.h; name = SGPhotoTableViewCell.h; path = View/SGPhotoTableViewCell.h; sourceTree = "<group>"; };
		8453A1611BF9EE980055CA2F /* SGPhotoTableViewCell.m */ = {isa = PBXFileReference; fileEncoding = 4; lastKnownFileType = sourcecode.c.objc; name = SGPhotoTableViewCell.m; path = View/SGPhotoTableViewCell.m; sourceTree = "<group>"; };
		8453A1661BFBB7120055CA2F /* SGUserThumbnailImageView.h */ = {isa = PBXFileReference; fileEncoding = 4; lastKnownFileType = sourcecode.c.h; name = SGUserThumbnailImageView.h; path = View/SGUserThumbnailImageView.h; sourceTree = "<group>"; };
		8453A1671BFBB7120055CA2F /* SGUserThumbnailImageView.m */ = {isa = PBXFileReference; fileEncoding = 4; lastKnownFileType = sourcecode.c.objc; name = SGUserThumbnailImageView.m; path = View/SGUserThumbnailImageView.m; sourceTree = "<group>"; };
		8453A16D1BFBC5E50055CA2F /* comment.png */ = {isa = PBXFileReference; lastKnownFileType = image.png; path = comment.png; sourceTree = "<group>"; };
		8453A1721BFCA05E0055CA2F /* SGImporter.h */ = {isa = PBXFileReference; fileEncoding = 4; lastKnownFileType = sourcecode.c.h; name = SGImporter.h; path = API/SGImporter.h; sourceTree = "<group>"; };
		8453A1731BFCA05E0055CA2F /* SGImporter.m */ = {isa = PBXFileReference; fileEncoding = 4; lastKnownFileType = sourcecode.c.objc; name = SGImporter.m; path = API/SGImporter.m; sourceTree = "<group>"; };
		8453A1751BFCBC9B0055CA2F /* SGImporterDelegate.h */ = {isa = PBXFileReference; lastKnownFileType = sourcecode.c.h; name = SGImporterDelegate.h; path = API/SGImporterDelegate.h; sourceTree = "<group>"; };
		846E58231BFE733F00FC5448 /* SGCommentCell.h */ = {isa = PBXFileReference; fileEncoding = 4; lastKnownFileType = sourcecode.c.h; name = SGCommentCell.h; path = View/SGCommentCell.h; sourceTree = "<group>"; };
		846E58241BFE733F00FC5448 /* SGCommentCell.m */ = {isa = PBXFileReference; fileEncoding = 4; lastKnownFileType = sourcecode.c.objc; name = SGCommentCell.m; path = View/SGCommentCell.m; sourceTree = "<group>"; };
		846E58261BFE740A00FC5448 /* SGCommentsViewController.h */ = {isa = PBXFileReference; fileEncoding = 4; lastKnownFileType = sourcecode.c.h; name = SGCommentsViewController.h; path = Controller/SGCommentsViewController.h; sourceTree = "<group>"; };
		846E58271BFE740A00FC5448 /* SGCommentsViewController.m */ = {isa = PBXFileReference; fileEncoding = 4; lastKnownFileType = sourcecode.c.objc; name = SGCommentsViewController.m; path = Controller/SGCommentsViewController.m; sourceTree = "<group>"; };
		846E58291BFE77BE00FC5448 /* SGBaseViewController.h */ = {isa = PBXFileReference; fileEncoding = 4; lastKnownFileType = sourcecode.c.h; name = SGBaseViewController.h; path = Controller/SGBaseViewController.h; sourceTree = "<group>"; };
		846E582A1BFE77BE00FC5448 /* SGBaseViewController.m */ = {isa = PBXFileReference; fileEncoding = 4; lastKnownFileType = sourcecode.c.objc; name = SGBaseViewController.m; path = Controller/SGBaseViewController.m; sourceTree = "<group>"; };
		846E582D1BFE880400FC5448 /* SGBaseTableViewController.h */ = {isa = PBXFileReference; fileEncoding = 4; lastKnownFileType = sourcecode.c.h; name = SGBaseTableViewController.h; path = Controller/SGBaseTableViewController.h; sourceTree = "<group>"; };
		846E582E1BFE880400FC5448 /* SGBaseTableViewController.m */ = {isa = PBXFileReference; fileEncoding = 4; lastKnownFileType = sourcecode.c.objc; name = SGBaseTableViewController.m; path = Controller/SGBaseTableViewController.m; sourceTree = "<group>"; };
		846E58301BFE882D00FC5448 /* SGBaseControllerManager.h */ = {isa = PBXFileReference; fileEncoding = 4; lastKnownFileType = sourcecode.c.h; name = SGBaseControllerManager.h; path = Controller/SGBaseControllerManager.h; sourceTree = "<group>"; };
		846E58311BFE882D00FC5448 /* SGBaseControllerManager.m */ = {isa = PBXFileReference; fileEncoding = 4; lastKnownFileType = sourcecode.c.objc; name = SGBaseControllerManager.m; path = Controller/SGBaseControllerManager.m; sourceTree = "<group>"; };
		84A57F0C1C03909D006140FC /* SGExporter.h */ = {isa = PBXFileReference; fileEncoding = 4; lastKnownFileType = sourcecode.c.h; name = SGExporter.h; path = Model/SGExporter.h; sourceTree = "<group>"; };
		84A57F0D1C03909D006140FC /* SGExporter.m */ = {isa = PBXFileReference; fileEncoding = 4; lastKnownFileType = sourcecode.c.objc; name = SGExporter.m; path = Model/SGExporter.m; sourceTree = "<group>"; };
		84F0908B1BF8667400FEC817 /* BaseInstagramEntity+CoreDataProperties.h */ = {isa = PBXFileReference; fileEncoding = 4; lastKnownFileType = sourcecode.c.h; name = "BaseInstagramEntity+CoreDataProperties.h"; path = "Model/BaseInstagramEntity+CoreDataProperties.h"; sourceTree = "<group>"; };
		84F0908C1BF8667400FEC817 /* BaseInstagramEntity+CoreDataProperties.m */ = {isa = PBXFileReference; fileEncoding = 4; lastKnownFileType = sourcecode.c.objc; name = "BaseInstagramEntity+CoreDataProperties.m"; path = "Model/BaseInstagramEntity+CoreDataProperties.m"; sourceTree = "<group>"; };
		84F0908F1BF9B51C00FEC817 /* SGFeedTableViewController.h */ = {isa = PBXFileReference; fileEncoding = 4; lastKnownFileType = sourcecode.c.h; name = SGFeedTableViewController.h; path = Controller/SGFeedTableViewController.h; sourceTree = "<group>"; };
		84F090901BF9B51C00FEC817 /* SGFeedTableViewController.m */ = {isa = PBXFileReference; fileEncoding = 4; lastKnownFileType = sourcecode.c.objc; name = SGFeedTableViewController.m; path = Controller/SGFeedTableViewController.m; sourceTree = "<group>"; };
/* End PBXFileReference section */

/* Begin PBXFrameworksBuildPhase section */
		840A7DA81BF73D8A0068F8A4 /* Frameworks */ = {
			isa = PBXFrameworksBuildPhase;
			buildActionMask = 2147483647;
			files = (
			);
			runOnlyForDeploymentPostprocessing = 0;
		};
		840A7DC41BF73D8A0068F8A4 /* Frameworks */ = {
			isa = PBXFrameworksBuildPhase;
			buildActionMask = 2147483647;
			files = (
			);
			runOnlyForDeploymentPostprocessing = 0;
		};
/* End PBXFrameworksBuildPhase section */

/* Begin PBXGroup section */
		8408E26E1BF7B82B0034D776 /* BaseInstagramEntity */ = {
			isa = PBXGroup;
			children = (
				84F0908B1BF8667400FEC817 /* BaseInstagramEntity+CoreDataProperties.h */,
				84F0908C1BF8667400FEC817 /* BaseInstagramEntity+CoreDataProperties.m */,
				8408E2581BF7B8020034D776 /* BaseInstagramEntity.h */,
				8408E2591BF7B8020034D776 /* BaseInstagramEntity.m */,
			);
			name = BaseInstagramEntity;
			sourceTree = "<group>";
		};
		8408E26F1BF7B85B0034D776 /* InstagramUser */ = {
			isa = PBXGroup;
			children = (
				8408E25A1BF7B8020034D776 /* InstagramUser+CoreDataProperties.h */,
				8408E25B1BF7B8020034D776 /* InstagramUser+CoreDataProperties.m */,
				8408E25C1BF7B8020034D776 /* InstagramUser.h */,
				8408E25D1BF7B8020034D776 /* InstagramUser.m */,
			);
			name = InstagramUser;
			sourceTree = "<group>";
		};
		8408E2701BF7B8650034D776 /* InstagramComment */ = {
			isa = PBXGroup;
			children = (
				8408E25E1BF7B8020034D776 /* InstagramComment+CoreDataProperties.h */,
				8408E25F1BF7B8020034D776 /* InstagramComment+CoreDataProperties.m */,
				8408E2601BF7B8020034D776 /* InstagramComment.h */,
				8408E2611BF7B8020034D776 /* InstagramComment.m */,
			);
			name = InstagramComment;
			sourceTree = "<group>";
		};
		8408E2711BF7B87B0034D776 /* InstagramMedia */ = {
			isa = PBXGroup;
			children = (
				8408E2621BF7B8020034D776 /* InstagramMedia+CoreDataProperties.h */,
				8408E2631BF7B8020034D776 /* InstagramMedia+CoreDataProperties.m */,
				8408E2641BF7B8020034D776 /* InstagramMedia.h */,
				8408E2651BF7B8020034D776 /* InstagramMedia.m */,
			);
			name = InstagramMedia;
			sourceTree = "<group>";
		};
		840A7DA21BF73D8A0068F8A4 = {
			isa = PBXGroup;
			children = (
				840A7DAD1BF73D8A0068F8A4 /* simplegram */,
				840A7DCA1BF73D8A0068F8A4 /* simplegramTests */,
				840A7DAC1BF73D8A0068F8A4 /* Products */,
			);
			sourceTree = "<group>";
		};
		840A7DAC1BF73D8A0068F8A4 /* Products */ = {
			isa = PBXGroup;
			children = (
				840A7DAB1BF73D8A0068F8A4 /* simplegram.app */,
				840A7DC71BF73D8A0068F8A4 /* simplegramTests.xctest */,
			);
			name = Products;
			sourceTree = "<group>";
		};
		840A7DAD1BF73D8A0068F8A4 /* simplegram */ = {
			isa = PBXGroup;
			children = (
				8453A15D1BF9D19F0055CA2F /* Temporary */,
				840A7DD71BF73DAB0068F8A4 /* Model */,
				840A7DD91BF73DBD0068F8A4 /* Controller */,
				840A7DD81BF73DB20068F8A4 /* View */,
				840A7DB11BF73D8A0068F8A4 /* AppDelegate.h */,
				840A7DB21BF73D8A0068F8A4 /* AppDelegate.m */,
				840A7DC21BF73D8A0068F8A4 /* Info.plist */,
				840A7DAE1BF73D8A0068F8A4 /* Supporting Files */,
			);
			path = simplegram;
			sourceTree = "<group>";
		};
		840A7DAE1BF73D8A0068F8A4 /* Supporting Files */ = {
			isa = PBXGroup;
			children = (
				840A7DAF1BF73D8A0068F8A4 /* main.m */,
			);
			name = "Supporting Files";
			sourceTree = "<group>";
		};
		840A7DCA1BF73D8A0068F8A4 /* simplegramTests */ = {
			isa = PBXGroup;
			children = (
				840A7DCD1BF73D8A0068F8A4 /* Info.plist */,
				840A7DCB1BF73D8A0068F8A4 /* simplegramTests.m */,
				8408E2721BF85D050034D776 /* InstagramAPI+PrivateMethods.h */,
			);
			path = simplegramTests;
			sourceTree = "<group>";
		};
		840A7DD61BF73DA10068F8A4 /* API */ = {
			isa = PBXGroup;
			children = (
				840A7DEA1BF7498F0068F8A4 /* Constants */,
				8408E2751BF85E0F0034D776 /* InstagramAPIHeader.h */,
				840A7DE41BF7460D0068F8A4 /* InstagramAPI.h */,
				840A7DE51BF7460D0068F8A4 /* InstagramAPI.m */,
			);
			name = API;
			sourceTree = "<group>";
		};
		840A7DD71BF73DAB0068F8A4 /* Model */ = {
			isa = PBXGroup;
			children = (
				840A7DD61BF73DA10068F8A4 /* API */,
				84A57F071C038FD2006140FC /* Core Data */,
			);
			name = Model;
			sourceTree = "<group>";
		};
		840A7DD81BF73DB20068F8A4 /* View */ = {
			isa = PBXGroup;
			children = (
				840A7DBD1BF73D8A0068F8A4 /* Assets.xcassets */,
				840A7DBF1BF73D8A0068F8A4 /* LaunchScreen.storyboard */,
				840A7DB71BF73D8A0068F8A4 /* Main.storyboard */,
				8453A1691BFBC3C60055CA2F /* Cells */,
				8453A1661BFBB7120055CA2F /* SGUserThumbnailImageView.h */,
				8453A1671BFBB7120055CA2F /* SGUserThumbnailImageView.m */,
			);
			name = View;
			sourceTree = "<group>";
		};
		840A7DD91BF73DBD0068F8A4 /* Controller */ = {
			isa = PBXGroup;
			children = (
				846E582C1BFE77C300FC5448 /* Base */,
				84A57F001C038D10006140FC /* Feed */,
				8413D9DF1BF75C3000562BCF /* SGLoginViewController.h */,
				8413D9E01BF75C3000562BCF /* SGLoginViewController.m */,
				846E58261BFE740A00FC5448 /* SGCommentsViewController.h */,
				846E58271BFE740A00FC5448 /* SGCommentsViewController.m */,
			);
			name = Controller;
			sourceTree = "<group>";
		};
		840A7DEA1BF7498F0068F8A4 /* Constants */ = {
			isa = PBXGroup;
			children = (
				840A7DE71BF749840068F8A4 /* InstagramAPIConstants.h */,
				840A7DE81BF749840068F8A4 /* InstagramAPIConstants.m */,
			);
			name = Constants;
			sourceTree = "<group>";
		};
		8453A15D1BF9D19F0055CA2F /* Temporary */ = {
			isa = PBXGroup;
			children = (
				8453A16D1BFBC5E50055CA2F /* comment.png */,
			);
			name = Temporary;
			sourceTree = "<group>";
		};
		8453A1691BFBC3C60055CA2F /* Cells */ = {
			isa = PBXGroup;
			children = (
				8453A15A1BF9C8260055CA2F /* SGFeedPostSectionHeaderView.h */,
				8453A15B1BF9C8260055CA2F /* SGFeedPostSectionHeaderView.m */,
				8453A1601BF9EE980055CA2F /* SGPhotoTableViewCell.h */,
				8453A1611BF9EE980055CA2F /* SGPhotoTableViewCell.m */,
				846E58231BFE733F00FC5448 /* SGCommentCell.h */,
				846E58241BFE733F00FC5448 /* SGCommentCell.m */,
			);
			name = Cells;
			sourceTree = "<group>";
		};
		846E582C1BFE77C300FC5448 /* Base */ = {
			isa = PBXGroup;
			children = (
				846E58291BFE77BE00FC5448 /* SGBaseViewController.h */,
				846E582A1BFE77BE00FC5448 /* SGBaseViewController.m */,
				846E582D1BFE880400FC5448 /* SGBaseTableViewController.h */,
				846E582E1BFE880400FC5448 /* SGBaseTableViewController.m */,
				846E58301BFE882D00FC5448 /* SGBaseControllerManager.h */,
				846E58311BFE882D00FC5448 /* SGBaseControllerManager.m */,
			);
			name = Base;
			sourceTree = "<group>";
		};
		84A57F001C038D10006140FC /* Feed */ = {
			isa = PBXGroup;
			children = (
				84F0908F1BF9B51C00FEC817 /* SGFeedTableViewController.h */,
				84F090901BF9B51C00FEC817 /* SGFeedTableViewController.m */,
			);
			name = Feed;
			sourceTree = "<group>";
		};
		84A57F071C038FD2006140FC /* Core Data */ = {
			isa = PBXGroup;
			children = (
				840A7DBA1BF73D8A0068F8A4 /* simplegram.xcdatamodeld */,
				84A57F081C038FFC006140FC /* Models */,
				84A57F091C039007006140FC /* Loaders */,
			);
			name = "Core Data";
			sourceTree = "<group>";
		};
		84A57F081C038FFC006140FC /* Models */ = {
			isa = PBXGroup;
			children = (
				8408E26E1BF7B82B0034D776 /* BaseInstagramEntity */,
				8408E26F1BF7B85B0034D776 /* InstagramUser */,
				8408E2701BF7B8650034D776 /* InstagramComment */,
				8408E2711BF7B87B0034D776 /* InstagramMedia */,
			);
			name = Models;
			sourceTree = "<group>";
		};
		84A57F091C039007006140FC /* Loaders */ = {
			isa = PBXGroup;
			children = (
				84A57F0B1C03902E006140FC /* Exporter */,
				84A57F0A1C039025006140FC /* Importer */,
			);
			name = Loaders;
			sourceTree = "<group>";
		};
		84A57F0A1C039025006140FC /* Importer */ = {
			isa = PBXGroup;
			children = (
				8453A1751BFCBC9B0055CA2F /* SGImporterDelegate.h */,
				8453A1721BFCA05E0055CA2F /* SGImporter.h */,
				8453A1731BFCA05E0055CA2F /* SGImporter.m */,
			);
			name = Importer;
			sourceTree = "<group>";
		};
		84A57F0B1C03902E006140FC /* Exporter */ = {
			isa = PBXGroup;
			children = (
				84A57F0C1C03909D006140FC /* SGExporter.h */,
				84A57F0D1C03909D006140FC /* SGExporter.m */,
			);
			name = Exporter;
			sourceTree = "<group>";
		};
/* End PBXGroup section */

/* Begin PBXNativeTarget section */
		840A7DAA1BF73D8A0068F8A4 /* simplegram */ = {
			isa = PBXNativeTarget;
			buildConfigurationList = 840A7DD01BF73D8A0068F8A4 /* Build configuration list for PBXNativeTarget "simplegram" */;
			buildPhases = (
				840A7DA71BF73D8A0068F8A4 /* Sources */,
				840A7DA81BF73D8A0068F8A4 /* Frameworks */,
				840A7DA91BF73D8A0068F8A4 /* Resources */,
			);
			buildRules = (
			);
			dependencies = (
			);
			name = simplegram;
			productName = simplegram;
			productReference = 840A7DAB1BF73D8A0068F8A4 /* simplegram.app */;
			productType = "com.apple.product-type.application";
		};
		840A7DC61BF73D8A0068F8A4 /* simplegramTests */ = {
			isa = PBXNativeTarget;
			buildConfigurationList = 840A7DD31BF73D8A0068F8A4 /* Build configuration list for PBXNativeTarget "simplegramTests" */;
			buildPhases = (
				840A7DC31BF73D8A0068F8A4 /* Sources */,
				840A7DC41BF73D8A0068F8A4 /* Frameworks */,
				840A7DC51BF73D8A0068F8A4 /* Resources */,
			);
			buildRules = (
			);
			dependencies = (
				840A7DC91BF73D8A0068F8A4 /* PBXTargetDependency */,
			);
			name = simplegramTests;
			productName = simplegramTests;
			productReference = 840A7DC71BF73D8A0068F8A4 /* simplegramTests.xctest */;
			productType = "com.apple.product-type.bundle.unit-test";
		};
/* End PBXNativeTarget section */

/* Begin PBXProject section */
		840A7DA31BF73D8A0068F8A4 /* Project object */ = {
			isa = PBXProject;
			attributes = {
				LastUpgradeCheck = 0700;
				ORGANIZATIONNAME = Manshilin;
				TargetAttributes = {
					840A7DAA1BF73D8A0068F8A4 = {
						CreatedOnToolsVersion = 7.0.1;
					};
					840A7DC61BF73D8A0068F8A4 = {
						CreatedOnToolsVersion = 7.0.1;
						TestTargetID = 840A7DAA1BF73D8A0068F8A4;
					};
				};
			};
			buildConfigurationList = 840A7DA61BF73D8A0068F8A4 /* Build configuration list for PBXProject "simplegram" */;
			compatibilityVersion = "Xcode 3.2";
			developmentRegion = English;
			hasScannedForEncodings = 0;
			knownRegions = (
				en,
				Base,
			);
			mainGroup = 840A7DA21BF73D8A0068F8A4;
			productRefGroup = 840A7DAC1BF73D8A0068F8A4 /* Products */;
			projectDirPath = "";
			projectRoot = "";
			targets = (
				840A7DAA1BF73D8A0068F8A4 /* simplegram */,
				840A7DC61BF73D8A0068F8A4 /* simplegramTests */,
			);
		};
/* End PBXProject section */

/* Begin PBXResourcesBuildPhase section */
		840A7DA91BF73D8A0068F8A4 /* Resources */ = {
			isa = PBXResourcesBuildPhase;
			buildActionMask = 2147483647;
			files = (
				840A7DC11BF73D8A0068F8A4 /* LaunchScreen.storyboard in Resources */,
				840A7DBE1BF73D8A0068F8A4 /* Assets.xcassets in Resources */,
				840A7DB91BF73D8A0068F8A4 /* Main.storyboard in Resources */,
				8453A16E1BFBC5E50055CA2F /* comment.png in Resources */,
			);
			runOnlyForDeploymentPostprocessing = 0;
		};
		840A7DC51BF73D8A0068F8A4 /* Resources */ = {
			isa = PBXResourcesBuildPhase;
			buildActionMask = 2147483647;
			files = (
			);
			runOnlyForDeploymentPostprocessing = 0;
		};
/* End PBXResourcesBuildPhase section */

/* Begin PBXSourcesBuildPhase section */
		840A7DA71BF73D8A0068F8A4 /* Sources */ = {
			isa = PBXSourcesBuildPhase;
			buildActionMask = 2147483647;
			files = (
				846E58321BFE882D00FC5448 /* SGBaseControllerManager.m in Sources */,
				840A7DBC1BF73D8A0068F8A4 /* simplegram.xcdatamodeld in Sources */,
				840A7DE91BF749840068F8A4 /* InstagramAPIConstants.m in Sources */,
				8408E26A1BF7B8020034D776 /* InstagramComment+CoreDataProperties.m in Sources */,
				84A57F0E1C03909D006140FC /* SGExporter.m in Sources */,
				8408E26C1BF7B8020034D776 /* InstagramMedia+CoreDataProperties.m in Sources */,
				8453A1741BFCA05E0055CA2F /* SGImporter.m in Sources */,
				8408E26D1BF7B8020034D776 /* InstagramMedia.m in Sources */,
				8453A15C1BF9C8260055CA2F /* SGFeedPostSectionHeaderView.m in Sources */,
				8408E2691BF7B8020034D776 /* InstagramUser.m in Sources */,
				840A7DE61BF7460D0068F8A4 /* InstagramAPI.m in Sources */,
				846E582B1BFE77BE00FC5448 /* SGBaseViewController.m in Sources */,
				8413D9E11BF75C3000562BCF /* SGLoginViewController.m in Sources */,
				840A7DB31BF73D8A0068F8A4 /* AppDelegate.m in Sources */,
				846E58251BFE733F00FC5448 /* SGCommentCell.m in Sources */,
				84F090911BF9B51C00FEC817 /* SGFeedTableViewController.m in Sources */,
				8453A1621BF9EE980055CA2F /* SGPhotoTableViewCell.m in Sources */,
				8453A1681BFBB7120055CA2F /* SGUserThumbnailImageView.m in Sources */,
				8408E2681BF7B8020034D776 /* InstagramUser+CoreDataProperties.m in Sources */,
				8408E2671BF7B8020034D776 /* BaseInstagramEntity.m in Sources */,
				8408E26B1BF7B8020034D776 /* InstagramComment.m in Sources */,
				846E58281BFE740A00FC5448 /* SGCommentsViewController.m in Sources */,
				84F0908D1BF8667400FEC817 /* BaseInstagramEntity+CoreDataProperties.m in Sources */,
				840A7DB01BF73D8A0068F8A4 /* main.m in Sources */,
				846E582F1BFE880400FC5448 /* SGBaseTableViewController.m in Sources */,
			);
			runOnlyForDeploymentPostprocessing = 0;
		};
		840A7DC31BF73D8A0068F8A4 /* Sources */ = {
			isa = PBXSourcesBuildPhase;
			buildActionMask = 2147483647;
			files = (
				840A7DCC1BF73D8A0068F8A4 /* simplegramTests.m in Sources */,
			);
			runOnlyForDeploymentPostprocessing = 0;
		};
/* End PBXSourcesBuildPhase section */

/* Begin PBXTargetDependency section */
		840A7DC91BF73D8A0068F8A4 /* PBXTargetDependency */ = {
			isa = PBXTargetDependency;
			target = 840A7DAA1BF73D8A0068F8A4 /* simplegram */;
			targetProxy = 840A7DC81BF73D8A0068F8A4 /* PBXContainerItemProxy */;
		};
/* End PBXTargetDependency section */

/* Begin PBXVariantGroup section */
		840A7DB71BF73D8A0068F8A4 /* Main.storyboard */ = {
			isa = PBXVariantGroup;
			children = (
				840A7DB81BF73D8A0068F8A4 /* Base */,
			);
			name = Main.storyboard;
			sourceTree = "<group>";
		};
		840A7DBF1BF73D8A0068F8A4 /* LaunchScreen.storyboard */ = {
			isa = PBXVariantGroup;
			children = (
				840A7DC01BF73D8A0068F8A4 /* Base */,
			);
			name = LaunchScreen.storyboard;
			sourceTree = "<group>";
		};
/* End PBXVariantGroup section */

/* Begin XCBuildConfiguration section */
		840A7DCE1BF73D8A0068F8A4 /* Debug */ = {
			isa = XCBuildConfiguration;
			buildSettings = {
				ALWAYS_SEARCH_USER_PATHS = NO;
				CLANG_CXX_LANGUAGE_STANDARD = "gnu++0x";
				CLANG_CXX_LIBRARY = "libc++";
				CLANG_ENABLE_MODULES = YES;
				CLANG_ENABLE_OBJC_ARC = YES;
				CLANG_WARN_BOOL_CONVERSION = YES;
				CLANG_WARN_CONSTANT_CONVERSION = YES;
				CLANG_WARN_DIRECT_OBJC_ISA_USAGE = YES_ERROR;
				CLANG_WARN_EMPTY_BODY = YES;
				CLANG_WARN_ENUM_CONVERSION = YES;
				CLANG_WARN_INT_CONVERSION = YES;
				CLANG_WARN_OBJC_ROOT_CLASS = YES_ERROR;
				CLANG_WARN_UNREACHABLE_CODE = YES;
				CLANG_WARN__DUPLICATE_METHOD_MATCH = YES;
				"CODE_SIGN_IDENTITY[sdk=iphoneos*]" = "iPhone Developer";
				COPY_PHASE_STRIP = NO;
				DEBUG_INFORMATION_FORMAT = dwarf;
				ENABLE_STRICT_OBJC_MSGSEND = YES;
				ENABLE_TESTABILITY = YES;
				GCC_C_LANGUAGE_STANDARD = gnu99;
				GCC_DYNAMIC_NO_PIC = NO;
				GCC_NO_COMMON_BLOCKS = YES;
				GCC_OPTIMIZATION_LEVEL = 0;
				GCC_PREPROCESSOR_DEFINITIONS = (
					"DEBUG=1",
					"$(inherited)",
				);
				GCC_WARN_64_TO_32_BIT_CONVERSION = YES;
				GCC_WARN_ABOUT_RETURN_TYPE = YES_ERROR;
				GCC_WARN_UNDECLARED_SELECTOR = YES;
				GCC_WARN_UNINITIALIZED_AUTOS = YES_AGGRESSIVE;
				GCC_WARN_UNUSED_FUNCTION = YES;
				GCC_WARN_UNUSED_VARIABLE = YES;
				IPHONEOS_DEPLOYMENT_TARGET = 9.0;
				MTL_ENABLE_DEBUG_INFO = YES;
				ONLY_ACTIVE_ARCH = YES;
				SDKROOT = iphoneos;
				TARGETED_DEVICE_FAMILY = "1,2";
			};
			name = Debug;
		};
		840A7DCF1BF73D8A0068F8A4 /* Release */ = {
			isa = XCBuildConfiguration;
			buildSettings = {
				ALWAYS_SEARCH_USER_PATHS = NO;
				CLANG_CXX_LANGUAGE_STANDARD = "gnu++0x";
				CLANG_CXX_LIBRARY = "libc++";
				CLANG_ENABLE_MODULES = YES;
				CLANG_ENABLE_OBJC_ARC = YES;
				CLANG_WARN_BOOL_CONVERSION = YES;
				CLANG_WARN_CONSTANT_CONVERSION = YES;
				CLANG_WARN_DIRECT_OBJC_ISA_USAGE = YES_ERROR;
				CLANG_WARN_EMPTY_BODY = YES;
				CLANG_WARN_ENUM_CONVERSION = YES;
				CLANG_WARN_INT_CONVERSION = YES;
				CLANG_WARN_OBJC_ROOT_CLASS = YES_ERROR;
				CLANG_WARN_UNREACHABLE_CODE = YES;
				CLANG_WARN__DUPLICATE_METHOD_MATCH = YES;
				"CODE_SIGN_IDENTITY[sdk=iphoneos*]" = "iPhone Developer";
				COPY_PHASE_STRIP = NO;
				DEBUG_INFORMATION_FORMAT = "dwarf-with-dsym";
				ENABLE_NS_ASSERTIONS = NO;
				ENABLE_STRICT_OBJC_MSGSEND = YES;
				GCC_C_LANGUAGE_STANDARD = gnu99;
				GCC_NO_COMMON_BLOCKS = YES;
				GCC_WARN_64_TO_32_BIT_CONVERSION = YES;
				GCC_WARN_ABOUT_RETURN_TYPE = YES_ERROR;
				GCC_WARN_UNDECLARED_SELECTOR = YES;
				GCC_WARN_UNINITIALIZED_AUTOS = YES_AGGRESSIVE;
				GCC_WARN_UNUSED_FUNCTION = YES;
				GCC_WARN_UNUSED_VARIABLE = YES;
				IPHONEOS_DEPLOYMENT_TARGET = 9.0;
				MTL_ENABLE_DEBUG_INFO = NO;
				SDKROOT = iphoneos;
				TARGETED_DEVICE_FAMILY = "1,2";
				VALIDATE_PRODUCT = YES;
			};
			name = Release;
		};
		840A7DD11BF73D8A0068F8A4 /* Debug */ = {
			isa = XCBuildConfiguration;
			buildSettings = {
				ASSETCATALOG_COMPILER_APPICON_NAME = AppIcon;
				INFOPLIST_FILE = simplegram/Info.plist;
				IPHONEOS_DEPLOYMENT_TARGET = 7.0;
				LD_RUNPATH_SEARCH_PATHS = "$(inherited) @executable_path/Frameworks";
				PRODUCT_BUNDLE_IDENTIFIER = com.justme.simplegram;
				PRODUCT_NAME = "$(TARGET_NAME)";
			};
			name = Debug;
		};
		840A7DD21BF73D8A0068F8A4 /* Release */ = {
			isa = XCBuildConfiguration;
			buildSettings = {
				ASSETCATALOG_COMPILER_APPICON_NAME = AppIcon;
				INFOPLIST_FILE = simplegram/Info.plist;
				IPHONEOS_DEPLOYMENT_TARGET = 7.0;
				LD_RUNPATH_SEARCH_PATHS = "$(inherited) @executable_path/Frameworks";
				PRODUCT_BUNDLE_IDENTIFIER = com.justme.simplegram;
				PRODUCT_NAME = "$(TARGET_NAME)";
			};
			name = Release;
		};
		840A7DD41BF73D8A0068F8A4 /* Debug */ = {
			isa = XCBuildConfiguration;
			buildSettings = {
				BUNDLE_LOADER = "$(TEST_HOST)";
				INFOPLIST_FILE = simplegramTests/Info.plist;
				LD_RUNPATH_SEARCH_PATHS = "$(inherited) @executable_path/Frameworks @loader_path/Frameworks";
				PRODUCT_BUNDLE_IDENTIFIER = com.justme.simplegramTests;
				PRODUCT_NAME = "$(TARGET_NAME)";
				TEST_HOST = "$(BUILT_PRODUCTS_DIR)/simplegram.app/simplegram";
			};
			name = Debug;
		};
		840A7DD51BF73D8A0068F8A4 /* Release */ = {
			isa = XCBuildConfiguration;
			buildSettings = {
				BUNDLE_LOADER = "$(TEST_HOST)";
				INFOPLIST_FILE = simplegramTests/Info.plist;
				LD_RUNPATH_SEARCH_PATHS = "$(inherited) @executable_path/Frameworks @loader_path/Frameworks";
				PRODUCT_BUNDLE_IDENTIFIER = com.justme.simplegramTests;
				PRODUCT_NAME = "$(TARGET_NAME)";
				TEST_HOST = "$(BUILT_PRODUCTS_DIR)/simplegram.app/simplegram";
			};
			name = Release;
		};
/* End XCBuildConfiguration section */

/* Begin XCConfigurationList section */
		840A7DA61BF73D8A0068F8A4 /* Build configuration list for PBXProject "simplegram" */ = {
			isa = XCConfigurationList;
			buildConfigurations = (
				840A7DCE1BF73D8A0068F8A4 /* Debug */,
				840A7DCF1BF73D8A0068F8A4 /* Release */,
			);
			defaultConfigurationIsVisible = 0;
			defaultConfigurationName = Release;
		};
		840A7DD01BF73D8A0068F8A4 /* Build configuration list for PBXNativeTarget "simplegram" */ = {
			isa = XCConfigurationList;
			buildConfigurations = (
				840A7DD11BF73D8A0068F8A4 /* Debug */,
				840A7DD21BF73D8A0068F8A4 /* Release */,
			);
			defaultConfigurationIsVisible = 0;
			defaultConfigurationName = Release;
		};
		840A7DD31BF73D8A0068F8A4 /* Build configuration list for PBXNativeTarget "simplegramTests" */ = {
			isa = XCConfigurationList;
			buildConfigurations = (
				840A7DD41BF73D8A0068F8A4 /* Debug */,
				840A7DD51BF73D8A0068F8A4 /* Release */,
			);
			defaultConfigurationIsVisible = 0;
			defaultConfigurationName = Release;
		};
/* End XCConfigurationList section */

/* Begin XCVersionGroup section */
		840A7DBA1BF73D8A0068F8A4 /* simplegram.xcdatamodeld */ = {
			isa = XCVersionGroup;
			children = (
				840A7DBB1BF73D8A0068F8A4 /* simplegram.xcdatamodel */,
			);
			currentVersion = 840A7DBB1BF73D8A0068F8A4 /* simplegram.xcdatamodel */;
			path = simplegram.xcdatamodeld;
			sourceTree = "<group>";
			versionGroupType = wrapper.xcdatamodel;
		};
/* End XCVersionGroup section */
	};
	rootObject = 840A7DA31BF73D8A0068F8A4 /* Project object */;
}
